
Microsoft Visual Studio Solution File, Format Version 12.00
# Visual Studio Version 17
VisualStudioVersion = 17.8.34316.72
MinimumVisualStudioVersion = 10.0.40219.1
Project("{FAE04EC0-301F-11D3-BF4B-00C04F79EFBC}") = "WebApp", "WebApp\WebApp.csproj", "{2CEC5FE4-0C82-4CD5-8D11-70114B27C78C}"
EndProject
Global
	GlobalSection(SolutionConfigurationPlatforms) = preSolution
		Debug|Any CPU = Debug|Any CPU
		Release|Any CPU = Release|Any CPU
	EndGlobalSection
	GlobalSection(ProjectConfigurationPlatforms) = postSolution
		{2CEC5FE4-0C82-4CD5-8D11-70114B27C78C}.Debug|Any CPU.ActiveCfg = Debug|Any CPU
		{2CEC5FE4-0C82-4CD5-8D11-70114B27C78C}.Debug|Any CPU.Build.0 = Debug|Any CPU
		{2CEC5FE4-0C82-4CD5-8D11-70114B27C78C}.Release|Any CPU.ActiveCfg = Release|Any CPU
		{2CEC5FE4-0C82-4CD5-8D11-70114B27C78C}.Release|Any CPU.Build.0 = Release|Any CPU
	EndGlobalSection
	GlobalSection(SolutionProperties) = preSolution
		HideSolutionNode = FALSE
	EndGlobalSection
	GlobalSection(ExtensibilityGlobals) = postSolution
		SolutionGuid = {2B01E43E-22AD-4C55-81D6-B7472046684E}
	EndGlobalSection
EndGlobal
